// !$*UTF8*$!
{
	archiveVersion = 1;
	classes = {
	};
	objectVersion = 50;
	objects = {

/* Begin PBXBuildFile section */
		55A1FE3124CE6A0D00090332 /* AppDelegate.swift in Sources */ = {isa = PBXBuildFile; fileRef = 55A1FE3024CE6A0D00090332 /* AppDelegate.swift */; };
		55A1FE3324CE6A0D00090332 /* SceneDelegate.swift in Sources */ = {isa = PBXBuildFile; fileRef = 55A1FE3224CE6A0D00090332 /* SceneDelegate.swift */; };
		55A1FE3524CE6A0D00090332 /* ContentView.swift in Sources */ = {isa = PBXBuildFile; fileRef = 55A1FE3424CE6A0D00090332 /* ContentView.swift */; };
		55A1FE3724CE6A0F00090332 /* Assets.xcassets in Resources */ = {isa = PBXBuildFile; fileRef = 55A1FE3624CE6A0F00090332 /* Assets.xcassets */; };
		55A1FE3A24CE6A0F00090332 /* Preview Assets.xcassets in Resources */ = {isa = PBXBuildFile; fileRef = 55A1FE3924CE6A0F00090332 /* Preview Assets.xcassets */; };
		55A1FE3D24CE6A0F00090332 /* LaunchScreen.storyboard in Resources */ = {isa = PBXBuildFile; fileRef = 55A1FE3B24CE6A0F00090332 /* LaunchScreen.storyboard */; };
/* End PBXBuildFile section */

/* Begin PBXFileReference section */
		55A1FE2D24CE6A0D00090332 /* JustSwiftUI.app */ = {isa = PBXFileReference; explicitFileType = wrapper.application; includeInIndex = 0; path = JustSwiftUI.app; sourceTree = BUILT_PRODUCTS_DIR; };
		55A1FE3024CE6A0D00090332 /* AppDelegate.swift */ = {isa = PBXFileReference; lastKnownFileType = sourcecode.swift; path = AppDelegate.swift; sourceTree = "<group>"; };
		55A1FE3224CE6A0D00090332 /* SceneDelegate.swift */ = {isa = PBXFileReference; lastKnownFileType = sourcecode.swift; path = SceneDelegate.swift; sourceTree = "<group>"; };
		55A1FE3424CE6A0D00090332 /* ContentView.swift */ = {isa = PBXFileReference; lastKnownFileType = sourcecode.swift; path = ContentView.swift; sourceTree = "<group>"; };
		55A1FE3624CE6A0F00090332 /* Assets.xcassets */ = {isa = PBXFileReference; lastKnownFileType = folder.assetcatalog; path = Assets.xcassets; sourceTree = "<group>"; };
		55A1FE3924CE6A0F00090332 /* Preview Assets.xcassets */ = {isa = PBXFileReference; lastKnownFileType = folder.assetcatalog; path = "Preview Assets.xcassets"; sourceTree = "<group>"; };
		55A1FE3C24CE6A0F00090332 /* Base */ = {isa = PBXFileReference; lastKnownFileType = file.storyboard; name = Base; path = Base.lproj/LaunchScreen.storyboard; sourceTree = "<group>"; };
		55A1FE3E24CE6A0F00090332 /* Info.plist */ = {isa = PBXFileReference; lastKnownFileType = text.plist.xml; path = Info.plist; sourceTree = "<group>"; };
/* End PBXFileReference section */

/* Begin PBXFrameworksBuildPhase section */
		55A1FE2A24CE6A0D00090332 /* Frameworks */ = {
			isa = PBXFrameworksBuildPhase;
			buildActionMask = 2147483647;
			files = (
			);
			runOnlyForDeploymentPostprocessing = 0;
		};
/* End PBXFrameworksBuildPhase section */

/* Begin PBXGroup section */
		55A1FE2424CE6A0D00090332 = {
			isa = PBXGroup;
			children = (
				55A1FE2F24CE6A0D00090332 /* JustSwiftUI */,
				55A1FE2E24CE6A0D00090332 /* Products */,
			);
			sourceTree = "<group>";
		};
		55A1FE2E24CE6A0D00090332 /* Products */ = {
			isa = PBXGroup;
			children = (
				55A1FE2D24CE6A0D00090332 /* JustSwiftUI.app */,
			);
			name = Products;
			sourceTree = "<group>";
		};
		55A1FE2F24CE6A0D00090332 /* JustSwiftUI */ = {
			isa = PBXGroup;
			children = (
				55A1FE3024CE6A0D00090332 /* AppDelegate.swift */,
				55A1FE3224CE6A0D00090332 /* SceneDelegate.swift */,
				55A1FE3424CE6A0D00090332 /* ContentView.swift */,
				55A1FE3624CE6A0F00090332 /* Assets.xcassets */,
				55A1FE3B24CE6A0F00090332 /* LaunchScreen.storyboard */,
				55A1FE3E24CE6A0F00090332 /* Info.plist */,
				55A1FE3824CE6A0F00090332 /* Preview Content */,
			);
			path = JustSwiftUI;
			sourceTree = "<group>";
		};
		55A1FE3824CE6A0F00090332 /* Preview Content */ = {
			isa = PBXGroup;
			children = (
				55A1FE3924CE6A0F00090332 /* Preview Assets.xcassets */,
			);
			path = "Preview Content";
			sourceTree = "<group>";
		};
/* End PBXGroup section */

/* Begin PBXNativeTarget section */
		55A1FE2C24CE6A0D00090332 /* JustSwiftUI */ = {
			isa = PBXNativeTarget;
			buildConfigurationList = 55A1FE4124CE6A0F00090332 /* Build configuration list for PBXNativeTarget "JustSwiftUI" */;
			buildPhases = (
				55A1FE2924CE6A0D00090332 /* Sources */,
				55A1FE2A24CE6A0D00090332 /* Frameworks */,
				55A1FE2B24CE6A0D00090332 /* Resources */,
			);
			buildRules = (
			);
			dependencies = (
			);
			name = JustSwiftUI;
			productName = JustSwiftUI;
			productReference = 55A1FE2D24CE6A0D00090332 /* JustSwiftUI.app */;
			productType = "com.apple.product-type.application";
		};
/* End PBXNativeTarget section */

/* Begin PBXProject section */
		55A1FE2524CE6A0D00090332 /* Project object */ = {
			isa = PBXProject;
			attributes = {
				LastSwiftUpdateCheck = 1150;
				LastUpgradeCheck = 1150;
				ORGANIZATIONNAME = jun;
				TargetAttributes = {
					55A1FE2C24CE6A0D00090332 = {
						CreatedOnToolsVersion = 11.5;
					};
				};
			};
			buildConfigurationList = 55A1FE2824CE6A0D00090332 /* Build configuration list for PBXProject "JustSwiftUI" */;
			compatibilityVersion = "Xcode 9.3";
			developmentRegion = en;
			hasScannedForEncodings = 0;
			knownRegions = (
				en,
				Base,
			);
			mainGroup = 55A1FE2424CE6A0D00090332;
			productRefGroup = 55A1FE2E24CE6A0D00090332 /* Products */;
			projectDirPath = "";
			projectRoot = "";
			targets = (
				55A1FE2C24CE6A0D00090332 /* JustSwiftUI */,
			);
		};
/* End PBXProject section */

/* Begin PBXResourcesBuildPhase section */
		55A1FE2B24CE6A0D00090332 /* Resources */ = {
			isa = PBXResourcesBuildPhase;
			buildActionMask = 2147483647;
			files = (
				55A1FE3D24CE6A0F00090332 /* LaunchScreen.storyboard in Resources */,
				55A1FE3A24CE6A0F00090332 /* Preview Assets.xcassets in Resources */,
				55A1FE3724CE6A0F00090332 /* Assets.xcassets in Resources */,
			);
			runOnlyForDeploymentPostprocessing = 0;
		};
/* End PBXResourcesBuildPhase section */

/* Begin PBXSourcesBuildPhase section */
		55A1FE2924CE6A0D00090332 /* Sources */ = {
			isa = PBXSourcesBuildPhase;
			buildActionMask = 2147483647;
			files = (
				55A1FE3124CE6A0D00090332 /* AppDelegate.swift in Sources */,
				55A1FE3324CE6A0D00090332 /* SceneDelegate.swift in Sources */,
				55A1FE3524CE6A0D00090332 /* ContentView.swift in Sources */,
			);
			runOnlyForDeploymentPostprocessing = 0;
		};
/* End PBXSourcesBuildPhase section */

/* Begin PBXVariantGroup section */
		55A1FE3B24CE6A0F00090332 /* LaunchScreen.storyboard */ = {
			isa = PBXVariantGroup;
			children = (
				55A1FE3C24CE6A0F00090332 /* Base */,
			);
			name = LaunchScreen.storyboard;
			sourceTree = "<group>";
		};
/* End PBXVariantGroup section */

/* Begin XCBuildConfiguration section */
		55A1FE3F24CE6A0F00090332 /* Debug */ = {
			isa = XCBuildConfiguration;
			buildSettings = {
				ALWAYS_SEARCH_USER_PATHS = NO;
				CLANG_ANALYZER_NONNULL = YES;
				CLANG_ANALYZER_NUMBER_OBJECT_CONVERSION = YES_AGGRESSIVE;
				CLANG_CXX_LANGUAGE_STANDARD = "gnu++14";
				CLANG_CXX_LIBRARY = "libc++";
				CLANG_ENABLE_MODULES = YES;
				CLANG_ENABLE_OBJC_ARC = YES;
				CLANG_ENABLE_OBJC_WEAK = YES;
				CLANG_WARN_BLOCK_CAPTURE_AUTORELEASING = YES;
				CLANG_WARN_BOOL_CONVERSION = YES;
				CLANG_WARN_COMMA = YES;
				CLANG_WARN_CONSTANT_CONVERSION = YES;
				CLANG_WARN_DEPRECATED_OBJC_IMPLEMENTATIONS = YES;
				CLANG_WARN_DIRECT_OBJC_ISA_USAGE = YES_ERROR;
				CLANG_WARN_DOCUMENTATION_COMMENTS = YES;
				CLANG_WARN_EMPTY_BODY = YES;
				CLANG_WARN_ENUM_CONVERSION = YES;
				CLANG_WARN_INFINITE_RECURSION = YES;
				CLANG_WARN_INT_CONVERSION = YES;
				CLANG_WARN_NON_LITERAL_NULL_CONVERSION = YES;
				CLANG_WARN_OBJC_IMPLICIT_RETAIN_SELF = YES;
				CLANG_WARN_OBJC_LITERAL_CONVERSION = YES;
				CLANG_WARN_OBJC_ROOT_CLASS = YES_ERROR;
				CLANG_WARN_RANGE_LOOP_ANALYSIS = YES;
				CLANG_WARN_STRICT_PROTOTYPES = YES;
				CLANG_WARN_SUSPICIOUS_MOVE = YES;
				CLANG_WARN_UNGUARDED_AVAILABILITY = YES_AGGRESSIVE;
				CLANG_WARN_UNREACHABLE_CODE = YES;
				CLANG_WARN__DUPLICATE_METHOD_MATCH = YES;
				COPY_PHASE_STRIP = NO;
				DEBUG_INFORMATION_FORMAT = dwarf;
				ENABLE_STRICT_OBJC_MSGSEND = YES;
				ENABLE_TESTABILITY = YES;
				GCC_C_LANGUAGE_STANDARD = gnu11;
				GCC_DYNAMIC_NO_PIC = NO;
				GCC_NO_COMMON_BLOCKS = YES;
				GCC_OPTIMIZATION_LEVEL = 0;
				GCC_PREPROCESSOR_DEFINITIONS = (
					"DEBUG=1",
					"$(inherited)",
				);
				GCC_WARN_64_TO_32_BIT_CONVERSION = YES;
				GCC_WARN_ABOUT_RETURN_TYPE = YES_ERROR;
				GCC_WARN_UNDECLARED_SELECTOR = YES;
				GCC_WARN_UNINITIALIZED_AUTOS = YES_AGGRESSIVE;
				GCC_WARN_UNUSED_FUNCTION = YES;
				GCC_WARN_UNUSED_VARIABLE = YES;
				IPHONEOS_DEPLOYMENT_TARGET = 13.5;
				MTL_ENABLE_DEBUG_INFO = INCLUDE_SOURCE;
				MTL_FAST_MATH = YES;
				ONLY_ACTIVE_ARCH = YES;
				SDKROOT = iphoneos;
				SWIFT_ACTIVE_COMPILATION_CONDITIONS = DEBUG;
				SWIFT_OPTIMIZATION_LEVEL = "-Onone";
			};
			name = Debug;
		};
		55A1FE4024CE6A0F00090332 /* Release */ = {
			isa = XCBuildConfiguration;
			buildSettings = {
				ALWAYS_SEARCH_USER_PATHS = NO;
				CLANG_ANALYZER_NONNULL = YES;
				CLANG_ANALYZER_NUMBER_OBJECT_CONVERSION = YES_AGGRESSIVE;
				CLANG_CXX_LANGUAGE_STANDARD = "gnu++14";
				CLANG_CXX_LIBRARY = "libc++";
				CLANG_ENABLE_MODULES = YES;
				CLANG_ENABLE_OBJC_ARC = YES;
				CLANG_ENABLE_OBJC_WEAK = YES;
				CLANG_WARN_BLOCK_CAPTURE_AUTORELEASING = YES;
				CLANG_WARN_BOOL_CONVERSION = YES;
				CLANG_WARN_COMMA = YES;
				CLANG_WARN_CONSTANT_CONVERSION = YES;
				CLANG_WARN_DEPRECATED_OBJC_IMPLEMENTATIONS = YES;
				CLANG_WARN_DIRECT_OBJC_ISA_USAGE = YES_ERROR;
				CLANG_WARN_DOCUMENTATION_COMMENTS = YES;
				CLANG_WARN_EMPTY_BODY = YES;
				CLANG_WARN_ENUM_CONVERSION = YES;
				CLANG_WARN_INFINITE_RECURSION = YES;
				CLANG_WARN_INT_CONVERSION = YES;
				CLANG_WARN_NON_LITERAL_NULL_CONVERSION = YES;
				CLANG_WARN_OBJC_IMPLICIT_RETAIN_SELF = YES;
				CLANG_WARN_OBJC_LITERAL_CONVERSION = YES;
				CLANG_WARN_OBJC_ROOT_CLASS = YES_ERROR;
				CLANG_WARN_RANGE_LOOP_ANALYSIS = YES;
				CLANG_WARN_STRICT_PROTOTYPES = YES;
				CLANG_WARN_SUSPICIOUS_MOVE = YES;
				CLANG_WARN_UNGUARDED_AVAILABILITY = YES_AGGRESSIVE;
				CLANG_WARN_UNREACHABLE_CODE = YES;
				CLANG_WARN__DUPLICATE_METHOD_MATCH = YES;
				COPY_PHASE_STRIP = NO;
				DEBUG_INFORMATION_FORMAT = "dwarf-with-dsym";
				ENABLE_NS_ASSERTIONS = NO;
				ENABLE_STRICT_OBJC_MSGSEND = YES;
				GCC_C_LANGUAGE_STANDARD = gnu11;
				GCC_NO_COMMON_BLOCKS = YES;
				GCC_WARN_64_TO_32_BIT_CONVERSION = YES;
				GCC_WARN_ABOUT_RETURN_TYPE = YES_ERROR;
				GCC_WARN_UNDECLARED_SELECTOR = YES;
				GCC_WARN_UNINITIALIZED_AUTOS = YES_AGGRESSIVE;
				GCC_WARN_UNUSED_FUNCTION = YES;
				GCC_WARN_UNUSED_VARIABLE = YES;
				IPHONEOS_DEPLOYMENT_TARGET = 13.5;
				MTL_ENABLE_DEBUG_INFO = NO;
				MTL_FAST_MATH = YES;
				SDKROOT = iphoneos;
				SWIFT_COMPILATION_MODE = wholemodule;
				SWIFT_OPTIMIZATION_LEVEL = "-O";
				VALIDATE_PRODUCT = YES;
			};
			name = Release;
		};
		55A1FE4224CE6A0F00090332 /* Debug */ = {
			isa = XCBuildConfiguration;
			buildSettings = {
				ASSETCATALOG_COMPILER_APPICON_NAME = AppIcon;
				CODE_SIGN_STYLE = Automatic;
				DEVELOPMENT_ASSET_PATHS = "\"JustSwiftUI/Preview Content\"";
				DEVELOPMENT_TEAM = PMD54H53GA;
				ENABLE_PREVIEWS = YES;
				INFOPLIST_FILE = JustSwiftUI/Info.plist;
				LD_RUNPATH_SEARCH_PATHS = (
					"$(inherited)",
					"@executable_path/Frameworks",
				);
				PRODUCT_BUNDLE_IDENTIFIER = gamsung.JustSwiftUI;
				PRODUCT_NAME = "$(TARGET_NAME)";
				SWIFT_VERSION = 5.0;
				TARGETED_DEVICE_FAMILY = "1,2";
			};
			name = Debug;
		};
		55A1FE4324CE6A0F00090332 /* Release */ = {
			isa = XCBuildConfiguration;
			buildSettings = {
				ASSETCATALOG_COMPILER_APPICON_NAME = AppIcon;
				CODE_SIGN_STYLE = Automatic;
				DEVELOPMENT_ASSET_PATHS = "\"JustSwiftUI/Preview Content\"";
				DEVELOPMENT_TEAM = PMD54H53GA;
				ENABLE_PREVIEWS = YES;
				INFOPLIST_FILE = JustSwiftUI/Info.plist;
				LD_RUNPATH_SEARCH_PATHS = (
					"$(inherited)",
					"@executable_path/Frameworks",
				);
				PRODUCT_BUNDLE_IDENTIFIER = gamsung.JustSwiftUI;
				PRODUCT_NAME = "$(TARGET_NAME)";
				SWIFT_VERSION = 5.0;
				TARGETED_DEVICE_FAMILY = "1,2";
			};
			name = Release;
		};
/* End XCBuildConfiguration section */

/* Begin XCConfigurationList section */
		55A1FE2824CE6A0D00090332 /* Build configuration list for PBXProject "JustSwiftUI" */ = {
			isa = XCConfigurationList;
			buildConfigurations = (
				55A1FE3F24CE6A0F00090332 /* Debug */,
				55A1FE4024CE6A0F00090332 /* Release */,
			);
			defaultConfigurationIsVisible = 0;
			defaultConfigurationName = Release;
		};
		55A1FE4124CE6A0F00090332 /* Build configuration list for PBXNativeTarget "JustSwiftUI" */ = {
			isa = XCConfigurationList;
			buildConfigurations = (
				55A1FE4224CE6A0F00090332 /* Debug */,
				55A1FE4324CE6A0F00090332 /* Release */,
			);
			defaultConfigurationIsVisible = 0;
			defaultConfigurationName = Release;
		};
/* End XCConfigurationList section */
	};
	rootObject = 55A1FE2524CE6A0D00090332 /* Project object */;
}
